
Microsoft Visual Studio Solution File, Format Version 12.00
# Visual Studio Version 17
VisualStudioVersion = 17.11.35303.130
MinimumVisualStudioVersion = 10.0.40219.1
Project("{FAE04EC0-301F-11D3-BF4B-00C04F79EFBC}") = "Ejercicio", "Ejercicio\Ejercicio.csproj", "{2B637713-4AA9-436C-A6B7-7C4A6C891C01}"
EndProject
Global
	GlobalSection(SolutionConfigurationPlatforms) = preSolution
		Debug|Any CPU = Debug|Any CPU
		Release|Any CPU = Release|Any CPU
	EndGlobalSection
	GlobalSection(ProjectConfigurationPlatforms) = postSolution
		{2B637713-4AA9-436C-A6B7-7C4A6C891C01}.Debug|Any CPU.ActiveCfg = Debug|Any CPU
		{2B637713-4AA9-436C-A6B7-7C4A6C891C01}.Debug|Any CPU.Build.0 = Debug|Any CPU
		{2B637713-4AA9-436C-A6B7-7C4A6C891C01}.Release|Any CPU.ActiveCfg = Release|Any CPU
		{2B637713-4AA9-436C-A6B7-7C4A6C891C01}.Release|Any CPU.Build.0 = Release|Any CPU
	EndGlobalSection
	GlobalSection(SolutionProperties) = preSolution
		HideSolutionNode = FALSE
	EndGlobalSection
	GlobalSection(ExtensibilityGlobals) = postSolution
		SolutionGuid = {FE4F127D-F94D-45AB-AB06-9F0C0662103C}
	EndGlobalSection
EndGlobal
